
Microsoft Visual Studio Solution File, Format Version 12.00
# Visual Studio 2013
VisualStudioVersion = 12.0.21005.1
MinimumVisualStudioVersion = 10.0.40219.1
Project("{FAE04EC0-301F-11D3-BF4B-00C04F79EFBC}") = "Munim.CsvNet", "src\Munim.CsvNet\Munim.CsvNet.csproj", "{5AEE4B9F-1801-466B-ABCD-2AF302227592}"
EndProject
Project("{FAE04EC0-301F-11D3-BF4B-00C04F79EFBC}") = "Munim.CsvNet.Tests", "tests\Munim.CsvNet.Tests\Munim.CsvNet.Tests.csproj", "{1C33FDEA-F7A8-453E-BF60-345F9F373DF6}"
EndProject
Global
	GlobalSection(SolutionConfigurationPlatforms) = preSolution
		Debug|Any CPU = Debug|Any CPU
		Release|Any CPU = Release|Any CPU
	EndGlobalSection
	GlobalSection(ProjectConfigurationPlatforms) = postSolution
		{5AEE4B9F-1801-466B-ABCD-2AF302227592}.Debug|Any CPU.ActiveCfg = Debug|Any CPU
		{5AEE4B9F-1801-466B-ABCD-2AF302227592}.Debug|Any CPU.Build.0 = Debug|Any CPU
		{5AEE4B9F-1801-466B-ABCD-2AF302227592}.Release|Any CPU.ActiveCfg = Release|Any CPU
		{5AEE4B9F-1801-466B-ABCD-2AF302227592}.Release|Any CPU.Build.0 = Release|Any CPU
		{1C33FDEA-F7A8-453E-BF60-345F9F373DF6}.Debug|Any CPU.ActiveCfg = Debug|Any CPU
		{1C33FDEA-F7A8-453E-BF60-345F9F373DF6}.Debug|Any CPU.Build.0 = Debug|Any CPU
		{1C33FDEA-F7A8-453E-BF60-345F9F373DF6}.Release|Any CPU.ActiveCfg = Release|Any CPU
		{1C33FDEA-F7A8-453E-BF60-345F9F373DF6}.Release|Any CPU.Build.0 = Release|Any CPU
	EndGlobalSection
	GlobalSection(SolutionProperties) = preSolution
		HideSolutionNode = FALSE
	EndGlobalSection
EndGlobal
